
Microsoft Visual Studio Solution File, Format Version 12.00
# Visual Studio Version 16
VisualStudioVersion = 16.0.30621.155
MinimumVisualStudioVersion = 10.0.40219.1
Project("{FAE04EC0-301F-11D3-BF4B-00C04F79EFBC}") = "MiSTerStatus", "MiSTerStatus\MiSTerStatus.csproj", "{CE9234F9-44BC-409A-86C4-EBC3B8AE6EBC}"
EndProject
Global
	GlobalSection(SolutionConfigurationPlatforms) = preSolution
		Debug|Any CPU = Debug|Any CPU
		Release|Any CPU = Release|Any CPU
	EndGlobalSection
	GlobalSection(ProjectConfigurationPlatforms) = postSolution
		{CE9234F9-44BC-409A-86C4-EBC3B8AE6EBC}.Debug|Any CPU.ActiveCfg = Debug|Any CPU
		{CE9234F9-44BC-409A-86C4-EBC3B8AE6EBC}.Debug|Any CPU.Build.0 = Debug|Any CPU
		{CE9234F9-44BC-409A-86C4-EBC3B8AE6EBC}.Release|Any CPU.ActiveCfg = Release|Any CPU
		{CE9234F9-44BC-409A-86C4-EBC3B8AE6EBC}.Release|Any CPU.Build.0 = Release|Any CPU
	EndGlobalSection
	GlobalSection(SolutionProperties) = preSolution
		HideSolutionNode = FALSE
	EndGlobalSection
	GlobalSection(ExtensibilityGlobals) = postSolution
		SolutionGuid = {6DEBF73D-8A92-4D7A-99EE-9F8C561B5BAB}
	EndGlobalSection
EndGlobal
